
Microsoft Visual Studio Solution File, Format Version 11.00
# Visual Studio 2010
Project("{8BC9CEB8-8B4A-11D0-8D11-00A0C91BC942}") = "cr3win", "cr3win.vcxproj", "{E1E40AE5-69C1-4EAC-86C0-B41C73B8DF70}"
	ProjectSection(ProjectDependencies) = postProject
		{F6829B1D-31FE-4EAF-BCF3-F2EBC1395D24} = {F6829B1D-31FE-4EAF-BCF3-F2EBC1395D24}
		{92B19128-2068-4DBA-BCAA-181903795F97} = {92B19128-2068-4DBA-BCAA-181903795F97}
		{DD772182-7CB9-42BA-B0E9-FD1A8EE88FE2} = {DD772182-7CB9-42BA-B0E9-FD1A8EE88FE2}
		{4BAB978A-5F4E-41E4-8B50-3CC5811D6290} = {4BAB978A-5F4E-41E4-8B50-3CC5811D6290}
		{D48C6899-0498-4B2A-88FE-FE238E55949D} = {D48C6899-0498-4B2A-88FE-FE238E55949D}
		{DBC574AD-C852-4227-A10B-12B7BF0E3974} = {DBC574AD-C852-4227-A10B-12B7BF0E3974}
		{1AA374C2-E3A0-48BD-BBDC-84047569990A} = {1AA374C2-E3A0-48BD-BBDC-84047569990A}
		{AF2CC9D9-B88D-4BA0-82DB-132A58216835} = {AF2CC9D9-B88D-4BA0-82DB-132A58216835}
	EndProjectSection
EndProject
Project("{8BC9CEB8-8B4A-11D0-8D11-00A0C91BC942}") = "crengine", "..\crengine\crengine.vcxproj", "{AF2CC9D9-B88D-4BA0-82DB-132A58216835}"
	ProjectSection(ProjectDependencies) = postProject
		{92B19128-2068-4DBA-BCAA-181903795F97} = {92B19128-2068-4DBA-BCAA-181903795F97}
		{DD772182-7CB9-42BA-B0E9-FD1A8EE88FE2} = {DD772182-7CB9-42BA-B0E9-FD1A8EE88FE2}
		{4BAB978A-5F4E-41E4-8B50-3CC5811D6290} = {4BAB978A-5F4E-41E4-8B50-3CC5811D6290}
		{D48C6899-0498-4B2A-88FE-FE238E55949D} = {D48C6899-0498-4B2A-88FE-FE238E55949D}
		{DBC574AD-C852-4227-A10B-12B7BF0E3974} = {DBC574AD-C852-4227-A10B-12B7BF0E3974}
		{1AA374C2-E3A0-48BD-BBDC-84047569990A} = {1AA374C2-E3A0-48BD-BBDC-84047569990A}
	EndProjectSection
EndProject
Project("{8BC9CEB8-8B4A-11D0-8D11-00A0C91BC942}") = "libjpeg", "..\libjpeg\libjpeg.vcxproj", "{DD772182-7CB9-42BA-B0E9-FD1A8EE88FE2}"
EndProject
Project("{8BC9CEB8-8B4A-11D0-8D11-00A0C91BC942}") = "freetype", "..\freetype\freetype.vcxproj", "{D48C6899-0498-4B2A-88FE-FE238E55949D}"
EndProject
Project("{8BC9CEB8-8B4A-11D0-8D11-00A0C91BC942}") = "antiword", "..\antiword\antiword.vcxproj", "{4BAB978A-5F4E-41E4-8B50-3CC5811D6290}"
EndProject
Project("{8BC9CEB8-8B4A-11D0-8D11-00A0C91BC942}") = "libchm", "..\libchm\libchm.vcxproj", "{92B19128-2068-4DBA-BCAA-181903795F97}"
EndProject
Project("{8BC9CEB8-8B4A-11D0-8D11-00A0C91BC942}") = "zlib", "..\zlib\zlib.vcxproj", "{1AA374C2-E3A0-48BD-BBDC-84047569990A}"
EndProject
Project("{8BC9CEB8-8B4A-11D0-8D11-00A0C91BC942}") = "libpng", "..\libpng\libpng.vcxproj", "{DBC574AD-C852-4227-A10B-12B7BF0E3974}"
	ProjectSection(ProjectDependencies) = postProject
		{1AA374C2-E3A0-48BD-BBDC-84047569990A} = {1AA374C2-E3A0-48BD-BBDC-84047569990A}
	EndProjectSection
EndProject
Project("{8BC9CEB8-8B4A-11D0-8D11-00A0C91BC942}") = "newui", "..\newui\newui.vcxproj", "{F6829B1D-31FE-4EAF-BCF3-F2EBC1395D24}"
	ProjectSection(ProjectDependencies) = postProject
		{91D2AD1F-CBB1-490D-8309-13E4412E9F0A} = {91D2AD1F-CBB1-490D-8309-13E4412E9F0A}
		{92B19128-2068-4DBA-BCAA-181903795F97} = {92B19128-2068-4DBA-BCAA-181903795F97}
		{DD772182-7CB9-42BA-B0E9-FD1A8EE88FE2} = {DD772182-7CB9-42BA-B0E9-FD1A8EE88FE2}
		{4BAB978A-5F4E-41E4-8B50-3CC5811D6290} = {4BAB978A-5F4E-41E4-8B50-3CC5811D6290}
		{D48C6899-0498-4B2A-88FE-FE238E55949D} = {D48C6899-0498-4B2A-88FE-FE238E55949D}
		{DBC574AD-C852-4227-A10B-12B7BF0E3974} = {DBC574AD-C852-4227-A10B-12B7BF0E3974}
		{1AA374C2-E3A0-48BD-BBDC-84047569990A} = {1AA374C2-E3A0-48BD-BBDC-84047569990A}
		{AF2CC9D9-B88D-4BA0-82DB-132A58216835} = {AF2CC9D9-B88D-4BA0-82DB-132A58216835}
	EndProjectSection
EndProject
Project("{8BC9CEB8-8B4A-11D0-8D11-00A0C91BC942}") = "sqlite", "..\sqlite\sqlite.vcxproj", "{91D2AD1F-CBB1-490D-8309-13E4412E9F0A}"
EndProject
Global
	GlobalSection(SolutionConfigurationPlatforms) = preSolution
		Debug|Win32 = Debug|Win32
		Release|Win32 = Release|Win32
	EndGlobalSection
	GlobalSection(ProjectConfigurationPlatforms) = postSolution
		{E1E40AE5-69C1-4EAC-86C0-B41C73B8DF70}.Debug|Win32.ActiveCfg = Debug|Win32
		{E1E40AE5-69C1-4EAC-86C0-B41C73B8DF70}.Debug|Win32.Build.0 = Debug|Win32
		{E1E40AE5-69C1-4EAC-86C0-B41C73B8DF70}.Release|Win32.ActiveCfg = Release|Win32
		{E1E40AE5-69C1-4EAC-86C0-B41C73B8DF70}.Release|Win32.Build.0 = Release|Win32
		{AF2CC9D9-B88D-4BA0-82DB-132A58216835}.Debug|Win32.ActiveCfg = Debug|Win32
		{AF2CC9D9-B88D-4BA0-82DB-132A58216835}.Debug|Win32.Build.0 = Debug|Win32
		{AF2CC9D9-B88D-4BA0-82DB-132A58216835}.Release|Win32.ActiveCfg = Release|Win32
		{AF2CC9D9-B88D-4BA0-82DB-132A58216835}.Release|Win32.Build.0 = Release|Win32
		{DD772182-7CB9-42BA-B0E9-FD1A8EE88FE2}.Debug|Win32.ActiveCfg = Debug|Win32
		{DD772182-7CB9-42BA-B0E9-FD1A8EE88FE2}.Debug|Win32.Build.0 = Debug|Win32
		{DD772182-7CB9-42BA-B0E9-FD1A8EE88FE2}.Release|Win32.ActiveCfg = Release|Win32
		{DD772182-7CB9-42BA-B0E9-FD1A8EE88FE2}.Release|Win32.Build.0 = Release|Win32
		{D48C6899-0498-4B2A-88FE-FE238E55949D}.Debug|Win32.ActiveCfg = Debug|Win32
		{D48C6899-0498-4B2A-88FE-FE238E55949D}.Debug|Win32.Build.0 = Debug|Win32
		{D48C6899-0498-4B2A-88FE-FE238E55949D}.Release|Win32.ActiveCfg = Release|Win32
		{D48C6899-0498-4B2A-88FE-FE238E55949D}.Release|Win32.Build.0 = Release|Win32
		{4BAB978A-5F4E-41E4-8B50-3CC5811D6290}.Debug|Win32.ActiveCfg = Debug|Win32
		{4BAB978A-5F4E-41E4-8B50-3CC5811D6290}.Debug|Win32.Build.0 = Debug|Win32
		{4BAB978A-5F4E-41E4-8B50-3CC5811D6290}.Release|Win32.ActiveCfg = Release|Win32
		{4BAB978A-5F4E-41E4-8B50-3CC5811D6290}.Release|Win32.Build.0 = Release|Win32
		{92B19128-2068-4DBA-BCAA-181903795F97}.Debug|Win32.ActiveCfg = Debug|Win32
		{92B19128-2068-4DBA-BCAA-181903795F97}.Debug|Win32.Build.0 = Debug|Win32
		{92B19128-2068-4DBA-BCAA-181903795F97}.Release|Win32.ActiveCfg = Release|Win32
		{92B19128-2068-4DBA-BCAA-181903795F97}.Release|Win32.Build.0 = Release|Win32
		{1AA374C2-E3A0-48BD-BBDC-84047569990A}.Debug|Win32.ActiveCfg = Debug|Win32
		{1AA374C2-E3A0-48BD-BBDC-84047569990A}.Debug|Win32.Build.0 = Debug|Win32
		{1AA374C2-E3A0-48BD-BBDC-84047569990A}.Release|Win32.ActiveCfg = Release|Win32
		{1AA374C2-E3A0-48BD-BBDC-84047569990A}.Release|Win32.Build.0 = Release|Win32
		{DBC574AD-C852-4227-A10B-12B7BF0E3974}.Debug|Win32.ActiveCfg = Debug|Win32
		{DBC574AD-C852-4227-A10B-12B7BF0E3974}.Debug|Win32.Build.0 = Debug|Win32
		{DBC574AD-C852-4227-A10B-12B7BF0E3974}.Release|Win32.ActiveCfg = Release|Win32
		{DBC574AD-C852-4227-A10B-12B7BF0E3974}.Release|Win32.Build.0 = Release|Win32
		{F6829B1D-31FE-4EAF-BCF3-F2EBC1395D24}.Debug|Win32.ActiveCfg = Debug|Win32
		{F6829B1D-31FE-4EAF-BCF3-F2EBC1395D24}.Debug|Win32.Build.0 = Debug|Win32
		{F6829B1D-31FE-4EAF-BCF3-F2EBC1395D24}.Release|Win32.ActiveCfg = Release|Win32
		{F6829B1D-31FE-4EAF-BCF3-F2EBC1395D24}.Release|Win32.Build.0 = Release|Win32
		{91D2AD1F-CBB1-490D-8309-13E4412E9F0A}.Debug|Win32.ActiveCfg = Debug|Win32
		{91D2AD1F-CBB1-490D-8309-13E4412E9F0A}.Debug|Win32.Build.0 = Debug|Win32
		{91D2AD1F-CBB1-490D-8309-13E4412E9F0A}.Release|Win32.ActiveCfg = Release|Win32
		{91D2AD1F-CBB1-490D-8309-13E4412E9F0A}.Release|Win32.Build.0 = Release|Win32
	EndGlobalSection
	GlobalSection(SolutionProperties) = preSolution
		HideSolutionNode = FALSE
	EndGlobalSection
EndGlobal
